
Microsoft Visual Studio Solution File, Format Version 11.00
# Visual Studio 2010
Project("{CC5FD16D-436D-48AD-A40C-5A424C6E3E79}") = "WCS", "WCS\WCS.ccproj", "{4274C596-9DED-4AA6-9A33-CC2496074EC0}"
EndProject
Project("{FAE04EC0-301F-11D3-BF4B-00C04F79EFBC}") = "ThumbnailWorker", "ThumbnailWorker\ThumbnailWorker.csproj", "{D90308DD-D0F2-4520-AA38-2DBCE0E50DBA}"
EndProject
Project("{FAE04EC0-301F-11D3-BF4B-00C04F79EFBC}") = "Website", "Website\Website.csproj", "{A406BA26-0CAB-480B-A5B3-D5C49E63B1A9}"
EndProject
Project("{FAE04EC0-301F-11D3-BF4B-00C04F79EFBC}") = "SyncLibrary", "..\hw2_cloud\SyncLibrary\SyncLibrary.csproj", "{65BDA1C1-8BD1-4B36-A971-603205217BA2}"
EndProject
Project("{CC5FD16D-436D-48AD-A40C-5A424C6E3E79}") = "CaptureServiceBackend", "CaptureServiceBackend\CaptureServiceBackend.ccproj", "{8DB3593B-0BF0-4E53-9737-20730916CDB8}"
EndProject
Global
	GlobalSection(SubversionScc) = preSolution
		Svn-Managed = True
		Manager = AnkhSVN - Subversion Support for Visual Studio
	EndGlobalSection
	GlobalSection(SolutionConfigurationPlatforms) = preSolution
		Debug|Any CPU = Debug|Any CPU
		Debug|Mixed Platforms = Debug|Mixed Platforms
		Debug|Win32 = Debug|Win32
		Release|Any CPU = Release|Any CPU
		Release|Mixed Platforms = Release|Mixed Platforms
		Release|Win32 = Release|Win32
	EndGlobalSection
	GlobalSection(ProjectConfigurationPlatforms) = postSolution
		{4274C596-9DED-4AA6-9A33-CC2496074EC0}.Debug|Any CPU.ActiveCfg = Debug|Any CPU
		{4274C596-9DED-4AA6-9A33-CC2496074EC0}.Debug|Any CPU.Build.0 = Debug|Any CPU
		{4274C596-9DED-4AA6-9A33-CC2496074EC0}.Debug|Mixed Platforms.ActiveCfg = Debug|Any CPU
		{4274C596-9DED-4AA6-9A33-CC2496074EC0}.Debug|Mixed Platforms.Build.0 = Debug|Any CPU
		{4274C596-9DED-4AA6-9A33-CC2496074EC0}.Debug|Win32.ActiveCfg = Debug|Any CPU
		{4274C596-9DED-4AA6-9A33-CC2496074EC0}.Release|Any CPU.ActiveCfg = Release|Any CPU
		{4274C596-9DED-4AA6-9A33-CC2496074EC0}.Release|Any CPU.Build.0 = Release|Any CPU
		{4274C596-9DED-4AA6-9A33-CC2496074EC0}.Release|Mixed Platforms.ActiveCfg = Release|Any CPU
		{4274C596-9DED-4AA6-9A33-CC2496074EC0}.Release|Mixed Platforms.Build.0 = Release|Any CPU
		{4274C596-9DED-4AA6-9A33-CC2496074EC0}.Release|Win32.ActiveCfg = Release|Any CPU
		{D90308DD-D0F2-4520-AA38-2DBCE0E50DBA}.Debug|Any CPU.ActiveCfg = Debug|Any CPU
		{D90308DD-D0F2-4520-AA38-2DBCE0E50DBA}.Debug|Any CPU.Build.0 = Debug|Any CPU
		{D90308DD-D0F2-4520-AA38-2DBCE0E50DBA}.Debug|Mixed Platforms.ActiveCfg = Debug|Any CPU
		{D90308DD-D0F2-4520-AA38-2DBCE0E50DBA}.Debug|Mixed Platforms.Build.0 = Debug|Any CPU
		{D90308DD-D0F2-4520-AA38-2DBCE0E50DBA}.Debug|Win32.ActiveCfg = Debug|Any CPU
		{D90308DD-D0F2-4520-AA38-2DBCE0E50DBA}.Release|Any CPU.ActiveCfg = Release|Any CPU
		{D90308DD-D0F2-4520-AA38-2DBCE0E50DBA}.Release|Any CPU.Build.0 = Release|Any CPU
		{D90308DD-D0F2-4520-AA38-2DBCE0E50DBA}.Release|Mixed Platforms.ActiveCfg = Release|Any CPU
		{D90308DD-D0F2-4520-AA38-2DBCE0E50DBA}.Release|Mixed Platforms.Build.0 = Release|Any CPU
		{D90308DD-D0F2-4520-AA38-2DBCE0E50DBA}.Release|Win32.ActiveCfg = Release|Any CPU
		{A406BA26-0CAB-480B-A5B3-D5C49E63B1A9}.Debug|Any CPU.ActiveCfg = Debug|Any CPU
		{A406BA26-0CAB-480B-A5B3-D5C49E63B1A9}.Debug|Any CPU.Build.0 = Debug|Any CPU
		{A406BA26-0CAB-480B-A5B3-D5C49E63B1A9}.Debug|Mixed Platforms.ActiveCfg = Debug|Any CPU
		{A406BA26-0CAB-480B-A5B3-D5C49E63B1A9}.Debug|Mixed Platforms.Build.0 = Debug|Any CPU
		{A406BA26-0CAB-480B-A5B3-D5C49E63B1A9}.Debug|Win32.ActiveCfg = Debug|Any CPU
		{A406BA26-0CAB-480B-A5B3-D5C49E63B1A9}.Release|Any CPU.ActiveCfg = Release|Any CPU
		{A406BA26-0CAB-480B-A5B3-D5C49E63B1A9}.Release|Any CPU.Build.0 = Release|Any CPU
		{A406BA26-0CAB-480B-A5B3-D5C49E63B1A9}.Release|Mixed Platforms.ActiveCfg = Release|Any CPU
		{A406BA26-0CAB-480B-A5B3-D5C49E63B1A9}.Release|Mixed Platforms.Build.0 = Release|Any CPU
		{A406BA26-0CAB-480B-A5B3-D5C49E63B1A9}.Release|Win32.ActiveCfg = Release|Any CPU
		{65BDA1C1-8BD1-4B36-A971-603205217BA2}.Debug|Any CPU.ActiveCfg = Debug|Any CPU
		{65BDA1C1-8BD1-4B36-A971-603205217BA2}.Debug|Any CPU.Build.0 = Debug|Any CPU
		{65BDA1C1-8BD1-4B36-A971-603205217BA2}.Debug|Mixed Platforms.ActiveCfg = Debug|Any CPU
		{65BDA1C1-8BD1-4B36-A971-603205217BA2}.Debug|Mixed Platforms.Build.0 = Debug|Any CPU
		{65BDA1C1-8BD1-4B36-A971-603205217BA2}.Debug|Win32.ActiveCfg = Debug|Any CPU
		{65BDA1C1-8BD1-4B36-A971-603205217BA2}.Release|Any CPU.ActiveCfg = Release|Any CPU
		{65BDA1C1-8BD1-4B36-A971-603205217BA2}.Release|Any CPU.Build.0 = Release|Any CPU
		{65BDA1C1-8BD1-4B36-A971-603205217BA2}.Release|Mixed Platforms.ActiveCfg = Release|Any CPU
		{65BDA1C1-8BD1-4B36-A971-603205217BA2}.Release|Mixed Platforms.Build.0 = Release|Any CPU
		{65BDA1C1-8BD1-4B36-A971-603205217BA2}.Release|Win32.ActiveCfg = Release|Any CPU
		{8DB3593B-0BF0-4E53-9737-20730916CDB8}.Debug|Any CPU.ActiveCfg = Debug|Any CPU
		{8DB3593B-0BF0-4E53-9737-20730916CDB8}.Debug|Any CPU.Build.0 = Debug|Any CPU
		{8DB3593B-0BF0-4E53-9737-20730916CDB8}.Debug|Mixed Platforms.ActiveCfg = Debug|Any CPU
		{8DB3593B-0BF0-4E53-9737-20730916CDB8}.Debug|Mixed Platforms.Build.0 = Debug|Any CPU
		{8DB3593B-0BF0-4E53-9737-20730916CDB8}.Debug|Win32.ActiveCfg = Debug|Any CPU
		{8DB3593B-0BF0-4E53-9737-20730916CDB8}.Release|Any CPU.ActiveCfg = Release|Any CPU
		{8DB3593B-0BF0-4E53-9737-20730916CDB8}.Release|Any CPU.Build.0 = Release|Any CPU
		{8DB3593B-0BF0-4E53-9737-20730916CDB8}.Release|Mixed Platforms.ActiveCfg = Release|Any CPU
		{8DB3593B-0BF0-4E53-9737-20730916CDB8}.Release|Mixed Platforms.Build.0 = Release|Any CPU
		{8DB3593B-0BF0-4E53-9737-20730916CDB8}.Release|Win32.ActiveCfg = Release|Any CPU
	EndGlobalSection
	GlobalSection(SolutionProperties) = preSolution
		HideSolutionNode = FALSE
	EndGlobalSection
EndGlobal
